github.com/google/uuid v1.3.0 h1:t6JiXgmwXMjEs8VusXIJk2BXHsn+wx8BZdTaoZ5fu7I=
github.com/google/uuid v1.3.0/go.mod h1:TIyPZe4MgqvfeYDBFedMoGGpEw/LqOeaOT+nhxU+yHo=
github.com/gorilla/mux v1.8.0 h1:i40aqfkR1h2SlN9hojwV5ZA91wcXFOvkdNIeFDP5koI=
github.com/gorilla/mux v1.8.0/go.mod h1:DVbg23sWSpFRCP0SfiEN6jmj59UnW/n46BH5rLB71So=
github.com/mreishus/slowcat v0.1.0 h1:QLQwF8pumGLH/o/+g5DiZl/0RKlDH7VglMzv4mbL1lg=
github.com/mreishus/slowcat v0.1.0/go.mod h1:pNEpuclMX39WzdCnXotLaUKsAJXlhi9iKPYpZ0kdNGQ=
